
Microsoft Visual Studio Solution File, Format Version 12.00
# Visual Studio 15
Project("{FAE04EC0-301F-11D3-BF4B-00C04F79EFBC}") = "UnityEngine.UI", "UnityEngine.UI.csproj", "{D00BA88E-419F-2EDF-B4E6-12F16E282B1D}"
EndProject
Project("{FAE04EC0-301F-11D3-BF4B-00C04F79EFBC}") = "UnityEngine.TestRunner", "UnityEngine.TestRunner.csproj", "{EF6C2A14-6FDE-C40C-CCA4-B6A77611CBC5}"
EndProject
Project("{FAE04EC0-301F-11D3-BF4B-00C04F79EFBC}") = "Unity.TextMeshPro", "Unity.TextMeshPro.csproj", "{57DD5B5B-B960-D928-4D4F-0A75950E993F}"
EndProject
Project("{FAE04EC0-301F-11D3-BF4B-00C04F79EFBC}") = "Unity.Timeline", "Unity.Timeline.csproj", "{CAD0D2D6-4A82-7A7E-D66B-929FF25DE7F5}"
EndProject
Project("{FAE04EC0-301F-11D3-BF4B-00C04F79EFBC}") = "UnityEngine.Purchasing", "UnityEngine.Purchasing.csproj", "{AF3A7F68-8BDF-58D0-0703-D93DB39F1934}"
EndProject
Project("{FAE04EC0-301F-11D3-BF4B-00C04F79EFBC}") = "UnityEngine.Advertisements", "UnityEngine.Advertisements.csproj", "{62051B39-FCE1-7DB1-CF9C-334BDB5D0093}"
EndProject
Project("{FAE04EC0-301F-11D3-BF4B-00C04F79EFBC}") = "Unity.Analytics.DataPrivacy", "Unity.Analytics.DataPrivacy.csproj", "{72A2C870-57A2-3ED4-0038-D134732CCE3E}"
EndProject
Project("{FAE04EC0-301F-11D3-BF4B-00C04F79EFBC}") = "Assembly-CSharp", "Assembly-CSharp.csproj", "{EFF4C755-47B3-CB92-BB5E-C805F91B1315}"
EndProject
Project("{FAE04EC0-301F-11D3-BF4B-00C04F79EFBC}") = "UnityEngine.Monetization", "UnityEngine.Monetization.csproj", "{FCD44D44-6FA9-4152-3BAD-016AB6805242}"
EndProject
Project("{FAE04EC0-301F-11D3-BF4B-00C04F79EFBC}") = "Assembly-CSharp-firstpass", "Assembly-CSharp-firstpass.csproj", "{211F7174-A754-5ED1-595C-51E40E9DB213}"
EndProject
Project("{FAE04EC0-301F-11D3-BF4B-00C04F79EFBC}") = "Unity.TextMeshPro.Editor", "Unity.TextMeshPro.Editor.csproj", "{FF5AC146-0302-24E5-ECE4-14D38C561D25}"
EndProject
Project("{FAE04EC0-301F-11D3-BF4B-00C04F79EFBC}") = "Unity.Timeline.Editor", "Unity.Timeline.Editor.csproj", "{52E013FD-8F92-187C-0EE7-DB342C1D231D}"
EndProject
Project("{FAE04EC0-301F-11D3-BF4B-00C04F79EFBC}") = "UnityEditor.TestRunner", "UnityEditor.TestRunner.csproj", "{6EABDFBB-9DA8-D3BE-6C2B-8F458C293AFF}"
EndProject
Project("{FAE04EC0-301F-11D3-BF4B-00C04F79EFBC}") = "Assembly-CSharp-Editor-firstpass", "Assembly-CSharp-Editor-firstpass.csproj", "{B75336BA-73D6-0735-189E-DA245E68CAD1}"
EndProject
Project("{FAE04EC0-301F-11D3-BF4B-00C04F79EFBC}") = "Unity.2D.Sprite.Editor", "Unity.2D.Sprite.Editor.csproj", "{36AF2739-3841-F7D2-BDFA-8F6FF0CA9FF5}"
EndProject
Project("{FAE04EC0-301F-11D3-BF4B-00C04F79EFBC}") = "UnityEditor.UI", "UnityEditor.UI.csproj", "{A93D1DC9-CA75-F00A-928A-F3D57D168814}"
EndProject
Project("{FAE04EC0-301F-11D3-BF4B-00C04F79EFBC}") = "Unity.Rider.Editor", "Unity.Rider.Editor.csproj", "{1CCA9018-A832-9CB0-41A6-F0F2D9540981}"
EndProject
Project("{FAE04EC0-301F-11D3-BF4B-00C04F79EFBC}") = "Unity.2D.Tilemap.Editor", "Unity.2D.Tilemap.Editor.csproj", "{0DAF8246-7E60-CAB1-D464-2B0F040C73C1}"
EndProject
Project("{FAE04EC0-301F-11D3-BF4B-00C04F79EFBC}") = "Unity.CollabProxy.Editor", "Unity.CollabProxy.Editor.csproj", "{25C40EAE-31E0-CC7F-9997-3A22001A9DBB}"
EndProject
Project("{FAE04EC0-301F-11D3-BF4B-00C04F79EFBC}") = "Unity.VSCode.Editor", "Unity.VSCode.Editor.csproj", "{31C84285-8911-4EC1-E919-6582A172C321}"
EndProject
Project("{FAE04EC0-301F-11D3-BF4B-00C04F79EFBC}") = "UnityEditor.Purchasing", "UnityEditor.Purchasing.csproj", "{6B96B954-1E5C-0A96-A627-BFDB0CE32268}"
EndProject
Global
	GlobalSection(SolutionConfigurationPlatforms) = preSolution
		Debug|Any CPU = Debug|Any CPU
		Release|Any CPU = Release|Any CPU
	EndGlobalSection
	GlobalSection(ProjectConfigurationPlatforms) = postSolution
		{D00BA88E-419F-2EDF-B4E6-12F16E282B1D}.Debug|Any CPU.ActiveCfg = Debug|Any CPU
		{D00BA88E-419F-2EDF-B4E6-12F16E282B1D}.Debug|Any CPU.Build.0 = Debug|Any CPU
		{D00BA88E-419F-2EDF-B4E6-12F16E282B1D}.Release|Any CPU.ActiveCfg = Release|Any CPU
		{D00BA88E-419F-2EDF-B4E6-12F16E282B1D}.Release|Any CPU.Build.0 = Release|Any CPU
		{EF6C2A14-6FDE-C40C-CCA4-B6A77611CBC5}.Debug|Any CPU.ActiveCfg = Debug|Any CPU
		{EF6C2A14-6FDE-C40C-CCA4-B6A77611CBC5}.Debug|Any CPU.Build.0 = Debug|Any CPU
		{EF6C2A14-6FDE-C40C-CCA4-B6A77611CBC5}.Release|Any CPU.ActiveCfg = Release|Any CPU
		{EF6C2A14-6FDE-C40C-CCA4-B6A77611CBC5}.Release|Any CPU.Build.0 = Release|Any CPU
		{57DD5B5B-B960-D928-4D4F-0A75950E993F}.Debug|Any CPU.ActiveCfg = Debug|Any CPU
		{57DD5B5B-B960-D928-4D4F-0A75950E993F}.Debug|Any CPU.Build.0 = Debug|Any CPU
		{57DD5B5B-B960-D928-4D4F-0A75950E993F}.Release|Any CPU.ActiveCfg = Release|Any CPU
		{57DD5B5B-B960-D928-4D4F-0A75950E993F}.Release|Any CPU.Build.0 = Release|Any CPU
		{CAD0D2D6-4A82-7A7E-D66B-929FF25DE7F5}.Debug|Any CPU.ActiveCfg = Debug|Any CPU
		{CAD0D2D6-4A82-7A7E-D66B-929FF25DE7F5}.Debug|Any CPU.Build.0 = Debug|Any CPU
		{CAD0D2D6-4A82-7A7E-D66B-929FF25DE7F5}.Release|Any CPU.ActiveCfg = Release|Any CPU
		{CAD0D2D6-4A82-7A7E-D66B-929FF25DE7F5}.Release|Any CPU.Build.0 = Release|Any CPU
		{AF3A7F68-8BDF-58D0-0703-D93DB39F1934}.Debug|Any CPU.ActiveCfg = Debug|Any CPU
		{AF3A7F68-8BDF-58D0-0703-D93DB39F1934}.Debug|Any CPU.Build.0 = Debug|Any CPU
		{AF3A7F68-8BDF-58D0-0703-D93DB39F1934}.Release|Any CPU.ActiveCfg = Release|Any CPU
		{AF3A7F68-8BDF-58D0-0703-D93DB39F1934}.Release|Any CPU.Build.0 = Release|Any CPU
		{62051B39-FCE1-7DB1-CF9C-334BDB5D0093}.Debug|Any CPU.ActiveCfg = Debug|Any CPU
		{62051B39-FCE1-7DB1-CF9C-334BDB5D0093}.Debug|Any CPU.Build.0 = Debug|Any CPU
		{62051B39-FCE1-7DB1-CF9C-334BDB5D0093}.Release|Any CPU.ActiveCfg = Release|Any CPU
		{62051B39-FCE1-7DB1-CF9C-334BDB5D0093}.Release|Any CPU.Build.0 = Release|Any CPU
		{72A2C870-57A2-3ED4-0038-D134732CCE3E}.Debug|Any CPU.ActiveCfg = Debug|Any CPU
		{72A2C870-57A2-3ED4-0038-D134732CCE3E}.Debug|Any CPU.Build.0 = Debug|Any CPU
		{72A2C870-57A2-3ED4-0038-D134732CCE3E}.Release|Any CPU.ActiveCfg = Release|Any CPU
		{72A2C870-57A2-3ED4-0038-D134732CCE3E}.Release|Any CPU.Build.0 = Release|Any CPU
		{EFF4C755-47B3-CB92-BB5E-C805F91B1315}.Debug|Any CPU.ActiveCfg = Debug|Any CPU
		{EFF4C755-47B3-CB92-BB5E-C805F91B1315}.Debug|Any CPU.Build.0 = Debug|Any CPU
		{EFF4C755-47B3-CB92-BB5E-C805F91B1315}.Release|Any CPU.ActiveCfg = Release|Any CPU
		{EFF4C755-47B3-CB92-BB5E-C805F91B1315}.Release|Any CPU.Build.0 = Release|Any CPU
		{FCD44D44-6FA9-4152-3BAD-016AB6805242}.Debug|Any CPU.ActiveCfg = Debug|Any CPU
		{FCD44D44-6FA9-4152-3BAD-016AB6805242}.Debug|Any CPU.Build.0 = Debug|Any CPU
		{FCD44D44-6FA9-4152-3BAD-016AB6805242}.Release|Any CPU.ActiveCfg = Release|Any CPU
		{FCD44D44-6FA9-4152-3BAD-016AB6805242}.Release|Any CPU.Build.0 = Release|Any CPU
		{211F7174-A754-5ED1-595C-51E40E9DB213}.Debug|Any CPU.ActiveCfg = Debug|Any CPU
		{211F7174-A754-5ED1-595C-51E40E9DB213}.Debug|Any CPU.Build.0 = Debug|Any CPU
		{211F7174-A754-5ED1-595C-51E40E9DB213}.Release|Any CPU.ActiveCfg = Release|Any CPU
		{211F7174-A754-5ED1-595C-51E40E9DB213}.Release|Any CPU.Build.0 = Release|Any CPU
		{FF5AC146-0302-24E5-ECE4-14D38C561D25}.Debug|Any CPU.ActiveCfg = Debug|Any CPU
		{FF5AC146-0302-24E5-ECE4-14D38C561D25}.Debug|Any CPU.Build.0 = Debug|Any CPU
		{FF5AC146-0302-24E5-ECE4-14D38C561D25}.Release|Any CPU.ActiveCfg = Release|Any CPU
		{FF5AC146-0302-24E5-ECE4-14D38C561D25}.Release|Any CPU.Build.0 = Release|Any CPU
		{52E013FD-8F92-187C-0EE7-DB342C1D231D}.Debug|Any CPU.ActiveCfg = Debug|Any CPU
		{52E013FD-8F92-187C-0EE7-DB342C1D231D}.Debug|Any CPU.Build.0 = Debug|Any CPU
		{52E013FD-8F92-187C-0EE7-DB342C1D231D}.Release|Any CPU.ActiveCfg = Release|Any CPU
		{52E013FD-8F92-187C-0EE7-DB342C1D231D}.Release|Any CPU.Build.0 = Release|Any CPU
		{6EABDFBB-9DA8-D3BE-6C2B-8F458C293AFF}.Debug|Any CPU.ActiveCfg = Debug|Any CPU
		{6EABDFBB-9DA8-D3BE-6C2B-8F458C293AFF}.Debug|Any CPU.Build.0 = Debug|Any CPU
		{6EABDFBB-9DA8-D3BE-6C2B-8F458C293AFF}.Release|Any CPU.ActiveCfg = Release|Any CPU
		{6EABDFBB-9DA8-D3BE-6C2B-8F458C293AFF}.Release|Any CPU.Build.0 = Release|Any CPU
		{B75336BA-73D6-0735-189E-DA245E68CAD1}.Debug|Any CPU.ActiveCfg = Debug|Any CPU
		{B75336BA-73D6-0735-189E-DA245E68CAD1}.Debug|Any CPU.Build.0 = Debug|Any CPU
		{B75336BA-73D6-0735-189E-DA245E68CAD1}.Release|Any CPU.ActiveCfg = Release|Any CPU
		{B75336BA-73D6-0735-189E-DA245E68CAD1}.Release|Any CPU.Build.0 = Release|Any CPU
		{36AF2739-3841-F7D2-BDFA-8F6FF0CA9FF5}.Debug|Any CPU.ActiveCfg = Debug|Any CPU
		{36AF2739-3841-F7D2-BDFA-8F6FF0CA9FF5}.Debug|Any CPU.Build.0 = Debug|Any CPU
		{36AF2739-3841-F7D2-BDFA-8F6FF0CA9FF5}.Release|Any CPU.ActiveCfg = Release|Any CPU
		{36AF2739-3841-F7D2-BDFA-8F6FF0CA9FF5}.Release|Any CPU.Build.0 = Release|Any CPU
		{A93D1DC9-CA75-F00A-928A-F3D57D168814}.Debug|Any CPU.ActiveCfg = Debug|Any CPU
		{A93D1DC9-CA75-F00A-928A-F3D57D168814}.Debug|Any CPU.Build.0 = Debug|Any CPU
		{A93D1DC9-CA75-F00A-928A-F3D57D168814}.Release|Any CPU.ActiveCfg = Release|Any CPU
		{A93D1DC9-CA75-F00A-928A-F3D57D168814}.Release|Any CPU.Build.0 = Release|Any CPU
		{1CCA9018-A832-9CB0-41A6-F0F2D9540981}.Debug|Any CPU.ActiveCfg = Debug|Any CPU
		{1CCA9018-A832-9CB0-41A6-F0F2D9540981}.Debug|Any CPU.Build.0 = Debug|Any CPU
		{1CCA9018-A832-9CB0-41A6-F0F2D9540981}.Release|Any CPU.ActiveCfg = Release|Any CPU
		{1CCA9018-A832-9CB0-41A6-F0F2D9540981}.Release|Any CPU.Build.0 = Release|Any CPU
		{0DAF8246-7E60-CAB1-D464-2B0F040C73C1}.Debug|Any CPU.ActiveCfg = Debug|Any CPU
		{0DAF8246-7E60-CAB1-D464-2B0F040C73C1}.Debug|Any CPU.Build.0 = Debug|Any CPU
		{0DAF8246-7E60-CAB1-D464-2B0F040C73C1}.Release|Any CPU.ActiveCfg = Release|Any CPU
		{0DAF8246-7E60-CAB1-D464-2B0F040C73C1}.Release|Any CPU.Build.0 = Release|Any CPU
		{25C40EAE-31E0-CC7F-9997-3A22001A9DBB}.Debug|Any CPU.ActiveCfg = Debug|Any CPU
		{25C40EAE-31E0-CC7F-9997-3A22001A9DBB}.Debug|Any CPU.Build.0 = Debug|Any CPU
		{25C40EAE-31E0-CC7F-9997-3A22001A9DBB}.Release|Any CPU.ActiveCfg = Release|Any CPU
		{25C40EAE-31E0-CC7F-9997-3A22001A9DBB}.Release|Any CPU.Build.0 = Release|Any CPU
		{31C84285-8911-4EC1-E919-6582A172C321}.Debug|Any CPU.ActiveCfg = Debug|Any CPU
		{31C84285-8911-4EC1-E919-6582A172C321}.Debug|Any CPU.Build.0 = Debug|Any CPU
		{31C84285-8911-4EC1-E919-6582A172C321}.Release|Any CPU.ActiveCfg = Release|Any CPU
		{31C84285-8911-4EC1-E919-6582A172C321}.Release|Any CPU.Build.0 = Release|Any CPU
		{6B96B954-1E5C-0A96-A627-BFDB0CE32268}.Debug|Any CPU.ActiveCfg = Debug|Any CPU
		{6B96B954-1E5C-0A96-A627-BFDB0CE32268}.Debug|Any CPU.Build.0 = Debug|Any CPU
		{6B96B954-1E5C-0A96-A627-BFDB0CE32268}.Release|Any CPU.ActiveCfg = Release|Any CPU
		{6B96B954-1E5C-0A96-A627-BFDB0CE32268}.Release|Any CPU.Build.0 = Release|Any CPU
	EndGlobalSection
	GlobalSection(SolutionProperties) = preSolution
		HideSolutionNode = FALSE
	EndGlobalSection
EndGlobal
